<?xml version="1.0" encoding="utf-8"?>
<Project ToolsVersion="4.0" xmlns="http://schemas.microsoft.com/developer/msbuild/2003">
  <ItemGroup>
    <Filter Include="Source Files">
      <UniqueIdentifier>{4FC737F1-C7A5-4376-A066-2A32D752A2FF}</UniqueIdentifier>
      <Extensions>cpp;c;cc;cxx;c++;cppm;ixx;def;odl;idl;hpj;bat;asm;asmx</Extensions>
    </Filter>
    <Filter Include="Header Files">
      <UniqueIdentifier>{93995380-89BD-4b04-88EB-625FBE52EBFB}</UniqueIdentifier>
      <Extensions>h;hh;hpp;hxx;h++;hm;inl;inc;ipp;xsd</Extensions>
    </Filter>
    <Filter Include="Resource Files">
      <UniqueIdentifier>{67DA6AB6-F800-4c08-8B7A-83BB121AAD01}</UniqueIdentifier>
      <Extensions>rc;ico;cur;bmp;dlg;rc2;rct;bin;rgs;gif;jpg;jpeg;jpe;resx;tiff;tif;png;wav;mfcribbon-ms</Extensions>
    </Filter>
  </ItemGroup>
  <ItemGroup>
    <ClCompile Include="Sources\Test.cpp">
      <Filter>Source Files</Filter>
    </ClCompile>
    <ClCompile Include="Sources\combat\CEAttack.cpp">
      <Filter>Source Files</Filter>
    </ClCompile>
    <ClCompile Include="Sources\combat\CEDebug.cpp">
      <Filter>Source Files</Filter>
    </ClCompile>
    <ClCompile Include="Sources\combat\CEEnemyDie.cpp">
      <Filter>Source Files</Filter>
    </ClCompile>
    <ClCompile Include="Sources\combat\CETurn.cpp">
      <Filter>Source Files</Filter>
    </ClCompile>
    <ClCompile Include="Sources\combat\CombatActor.cpp">
      <Filter>Source Files</Filter>
    </ClCompile>
    <ClCompile Include="Sources\combat\CombatEventQueue.cpp">
      <Filter>Source Files</Filter>
    </ClCompile>
    <ClCompile Include="Sources\combat\CombatHurt.cpp">
      <Filter>Source Files</Filter>
    </ClCompile>
    <ClCompile Include="Sources\combat\CombatManager.cpp">
      <Filter>Source Files</Filter>
    </ClCompile>
    <ClCompile Include="Sources\combat\CombatMove.cpp">
      <Filter>Source Files</Filter>
    </ClCompile>
    <ClCompile Include="Sources\combat\CombatTarget.cpp">
      <Filter>Source Files</Filter>
    </ClCompile>
    <ClCompile Include="Sources\combat\EnemyHurt.cpp">
      <Filter>Source Files</Filter>
    </ClCompile>
    <ClCompile Include="Sources\combat\VictoryState.cpp">
      <Filter>Source Files</Filter>
    </ClCompile>
    <ClCompile Include="Sources\inventory\PlayerInventory.cpp">
      <Filter>Source Files</Filter>
    </ClCompile>
    <ClCompile Include="Sources\controllers\CombatDieController.cpp">
      <Filter>Source Files</Filter>
    </ClCompile>
    <ClCompile Include="Sources\controllers\CombatMoveController.cpp">
      <Filter>Source Files</Filter>
    </ClCompile>
    <ClCompile Include="Sources\controllers\CombatRunController.cpp">
      <Filter>Source Files</Filter>
    </ClCompile>
    <ClCompile Include="Sources\controllers\CombatStandbyController.cpp">
      <Filter>Source Files</Filter>
    </ClCompile>
    <ClCompile Include="Sources\controllers\IdleController.cpp">
      <Filter>Source Files</Filter>
    </ClCompile>
    <ClCompile Include="Sources\controllers\MoveController.cpp">
      <Filter>Source Files</Filter>
    </ClCompile>
    <ClCompile Include="Sources\controllers\ReachController.cpp">
      <Filter>Source Files</Filter>
    </ClCompile>
    <ClCompile Include="Sources\controllers\SleepController.cpp">
      <Filter>Source Files</Filter>
    </ClCompile>
    <ClCompile Include="Sources\controllers\StandController.cpp">
      <Filter>Source Files</Filter>
    </ClCompile>
    <ClCompile Include="Sources\controllers\StrollController.cpp">
      <Filter>Source Files</Filter>
    </ClCompile>
    <ClCompile Include="Sources\controllers\WaitController.cpp">
      <Filter>Source Files</Filter>
    </ClCompile>
    <ClCompile Include="Sources\effects\Claw.cpp">
      <Filter>Source Files</Filter>
    </ClCompile>
    <ClCompile Include="Sources\effects\FloatingNumber.cpp">
      <Filter>Source Files</Filter>
    </ClCompile>
    <ClCompile Include="Sources\effects\Slash.cpp">
      <Filter>Source Files</Filter>
    </ClCompile>
    <ClCompile Include="Sources\scenes\Chest.cpp">
      <Filter>Source Files</Filter>
    </ClCompile>
    <ClCompile Include="Sources\scenes\Snore.cpp">
      <Filter>Source Files</Filter>
    </ClCompile>
    <ClCompile Include="Sources\screens\tests\TestAnimation.cpp">
      <Filter>Source Files</Filter>
    </ClCompile>
    <ClCompile Include="Sources\screens\tests\TestChangeStates.cpp">
      <Filter>Source Files</Filter>
    </ClCompile>
    <ClCompile Include="Sources\screens\tests\TestFade.cpp">
      <Filter>Source Files</Filter>
    </ClCompile>
    <ClCompile Include="Sources\screens\tests\TestGameStates.cpp">
      <Filter>Source Files</Filter>
    </ClCompile>
    <ClCompile Include="Sources\screens\tests\TestInterpolations.cpp">
      <Filter>Source Files</Filter>
    </ClCompile>
    <ClCompile Include="Sources\screens\tests\TestLogs.cpp">
      <Filter>Source Files</Filter>
    </ClCompile>
    <ClCompile Include="Sources\screens\tests\TestPrimitiveDraw.cpp">
      <Filter>Source Files</Filter>
    </ClCompile>
    <ClCompile Include="Sources\screens\tests\TestPushStates.cpp">
      <Filter>Source Files</Filter>
    </ClCompile>
    <ClCompile Include="Sources\screens\tests\TestUI.cpp">
      <Filter>Source Files</Filter>
    </ClCompile>
    <ClCompile Include="Sources\screens\CheatMenu.cpp">
      <Filter>Source Files</Filter>
    </ClCompile>
    <ClCompile Include="Sources\screens\CombatScreen.cpp">
      <Filter>Source Files</Filter>
    </ClCompile>
    <ClCompile Include="Sources\screens\GameLocationState.cpp">
      <Filter>Source Files</Filter>
    </ClCompile>
    <ClCompile Include="Sources\screens\GameMenu.cpp">
      <Filter>Source Files</Filter>
    </ClCompile>
    <ClCompile Include="Sources\screens\MainMenu.cpp">
      <Filter>Source Files</Filter>
    </ClCompile>
    <ClCompile Include="Sources\screens\Storyboard.cpp">
      <Filter>Source Files</Filter>
    </ClCompile>
    <ClCompile Include="Sources\screens\UIPartyEntry.cpp">
      <Filter>Source Files</Filter>
    </ClCompile>
    <ClCompile Include="Sources\screens\UIProgressText.cpp">
      <Filter>Source Files</Filter>
    </ClCompile>
    <ClCompile Include="Sources\stats\Party.cpp">
      <Filter>Source Files</Filter>
    </ClCompile>
    <ClCompile Include="Sources\triggers\PopAction.cpp">
      <Filter>Source Files</Filter>
    </ClCompile>
    <ClCompile Include="Sources\triggers\PushAction.cpp">
      <Filter>Source Files</Filter>
    </ClCompile>
    <ClCompile Include="Sources\triggers\TeleportAction.cpp">
      <Filter>Source Files</Filter>
    </ClCompile>
    <ClCompile Include="Sources\triggers\WarpAction.cpp">
      <Filter>Source Files</Filter>
    </ClCompile>
    <ClCompile Include="Sources\gui\UIItemEntry.cpp">
      <Filter>Source Files</Filter>
    </ClCompile>
    <ClCompile Include="Sources\gui\UINotification.cpp">
      <Filter>Source Files</Filter>
    </ClCompile>
  </ItemGroup>
  <ItemGroup>
    <ClInclude Include="Includes\inventory\IInventory.h">
      <Filter>Header Files</Filter>
    </ClInclude>
    <ClInclude Include="Includes\inventory\PlayerInventory.h">
      <Filter>Header Files</Filter>
    </ClInclude>
    <ClInclude Include="Includes\combat\CEAttack.h">
      <Filter>Header Files</Filter>
    </ClInclude>
    <ClInclude Include="Includes\combat\CEDebug.h">
      <Filter>Header Files</Filter>
    </ClInclude>
    <ClInclude Include="Includes\combat\CEEnemyDie.h">
      <Filter>Header Files</Filter>
    </ClInclude>
    <ClInclude Include="Includes\combat\CETurn.h">
      <Filter>Header Files</Filter>
    </ClInclude>
    <ClInclude Include="Includes\combat\CombatActor.h">
      <Filter>Header Files</Filter>
    </ClInclude>
    <ClInclude Include="Includes\combat\CombatEventQueue.h">
      <Filter>Header Files</Filter>
    </ClInclude>
    <ClInclude Include="Includes\combat\CombatHurt.h">
      <Filter>Header Files</Filter>
    </ClInclude>
    <ClInclude Include="Includes\combat\CombatManager.h">
      <Filter>Header Files</Filter>
    </ClInclude>
    <ClInclude Include="Includes\combat\CombatMove.h">
      <Filter>Header Files</Filter>
    </ClInclude>
    <ClInclude Include="Includes\combat\CombatTarget.h">
      <Filter>Header Files</Filter>
    </ClInclude>
    <ClInclude Include="Includes\combat\EnemyHurt.h">
      <Filter>Header Files</Filter>
    </ClInclude>
    <ClInclude Include="Includes\combat\ICombat.h">
      <Filter>Header Files</Filter>
    </ClInclude>
    <ClInclude Include="Includes\combat\ICombatEvent.h">
      <Filter>Header Files</Filter>
    </ClInclude>
    <ClInclude Include="Includes\combat\ICombatState.h">
      <Filter>Header Files</Filter>
    </ClInclude>
    <ClInclude Include="Includes\combat\IEffect.h">
      <Filter>Header Files</Filter>
    </ClInclude>
    <ClInclude Include="Includes\combat\VictoryState.h">
      <Filter>Header Files</Filter>
    </ClInclude>
    <ClInclude Include="Includes\Controllers\CombatDieController.h">
      <Filter>Header Files</Filter>
    </ClInclude>
    <ClInclude Include="Includes\Controllers\CombatMoveController.h">
      <Filter>Header Files</Filter>
    </ClInclude>
    <ClInclude Include="Includes\Controllers\CombatRunController.h">
      <Filter>Header Files</Filter>
    </ClInclude>
    <ClInclude Include="Includes\Controllers\CombatStandbyController.h">
      <Filter>Header Files</Filter>
    </ClInclude>
    <ClInclude Include="Includes\Controllers\IdleController.h">
      <Filter>Header Files</Filter>
    </ClInclude>
    <ClInclude Include="Includes\Controllers\MoveController.h">
      <Filter>Header Files</Filter>
    </ClInclude>
    <ClInclude Include="Includes\Controllers\ReachController.h">
      <Filter>Header Files</Filter>
    </ClInclude>
    <ClInclude Include="Includes\Controllers\SleepController.h">
      <Filter>Header Files</Filter>
    </ClInclude>
    <ClInclude Include="Includes\Controllers\StandController.h">
      <Filter>Header Files</Filter>
    </ClInclude>
    <ClInclude Include="Includes\Controllers\StrollController.h">
      <Filter>Header Files</Filter>
    </ClInclude>
    <ClInclude Include="Includes\Controllers\WaitController.h">
      <Filter>Header Files</Filter>
    </ClInclude>
    <ClInclude Include="Includes\effects\Claw.h">
      <Filter>Header Files</Filter>
    </ClInclude>
    <ClInclude Include="Includes\effects\FloatingNumber.h">
      <Filter>Header Files</Filter>
    </ClInclude>
    <ClInclude Include="Includes\effects\Slash.h">
      <Filter>Header Files</Filter>
    </ClInclude>
    <ClInclude Include="Includes\Scenes\Chest.h">
      <Filter>Header Files</Filter>
    </ClInclude>
    <ClInclude Include="Includes\Scenes\Snore.h">
      <Filter>Header Files</Filter>
    </ClInclude>
    <ClInclude Include="Includes\screens\tests\TestAnimation.h">
      <Filter>Header Files</Filter>
    </ClInclude>
    <ClInclude Include="Includes\screens\tests\TestChangeStates.h">
      <Filter>Header Files</Filter>
    </ClInclude>
    <ClInclude Include="Includes\screens\tests\TestFade.h">
      <Filter>Header Files</Filter>
    </ClInclude>
    <ClInclude Include="Includes\screens\tests\TestGameStates.h">
      <Filter>Header Files</Filter>
    </ClInclude>
    <ClInclude Include="Includes\screens\tests\TestInterpolations.h">
      <Filter>Header Files</Filter>
    </ClInclude>
    <ClInclude Include="Includes\screens\tests\TestLogs.h">
      <Filter>Header Files</Filter>
    </ClInclude>
    <ClInclude Include="Includes\screens\tests\TestPrimitiveDraw.h">
      <Filter>Header Files</Filter>
    </ClInclude>
    <ClInclude Include="Includes\screens\tests\TestPushStates.h">
      <Filter>Header Files</Filter>
    </ClInclude>
    <ClInclude Include="Includes\screens\tests\TestUI.h">
      <Filter>Header Files</Filter>
    </ClInclude>
    <ClInclude Include="Includes\screens\CheatMenu.h">
      <Filter>Header Files</Filter>
    </ClInclude>
    <ClInclude Include="Includes\screens\CombatScreen.h">
      <Filter>Header Files</Filter>
    </ClInclude>
    <ClInclude Include="Includes\screens\GameLocationState.h">
      <Filter>Header Files</Filter>
    </ClInclude>
    <ClInclude Include="Includes\screens\GameMenu.h">
      <Filter>Header Files</Filter>
    </ClInclude>
    <ClInclude Include="Includes\screens\MainMenu.h">
      <Filter>Header Files</Filter>
    </ClInclude>
    <ClInclude Include="Includes\screens\Storyboard.h">
      <Filter>Header Files</Filter>
    </ClInclude>
    <ClInclude Include="Includes\screens\UIPartyEntry.h">
      <Filter>Header Files</Filter>
    </ClInclude>
    <ClInclude Include="Includes\screens\UIProgressText.h">
      <Filter>Header Files</Filter>
    </ClInclude>
    <ClInclude Include="Includes\stats\IParty.h">
      <Filter>Header Files</Filter>
    </ClInclude>
    <ClInclude Include="Includes\stats\Party.h">
      <Filter>Header Files</Filter>
    </ClInclude>
    <ClInclude Include="Includes\triggers\PopAction.h">
      <Filter>Header Files</Filter>
    </ClInclude>
    <ClInclude Include="Includes\triggers\PushAction.h">
      <Filter>Header Files</Filter>
    </ClInclude>
    <ClInclude Include="Includes\triggers\TeleportAction.h">
      <Filter>Header Files</Filter>
    </ClInclude>
    <ClInclude Include="Includes\triggers\WarpAction.h">
      <Filter>Header Files</Filter>
    </ClInclude>
    <ClInclude Include="Includes\gui\UIItemEntry.h">
      <Filter>Header Files</Filter>
    </ClInclude>
    <ClInclude Include="Includes\gui\UINotification.h">
      <Filter>Header Files</Filter>
    </ClInclude>
  </ItemGroup>
</Project>